
Microsoft Visual Studio Solution File, Format Version 12.00
# Visual Studio Version 16
VisualStudioVersion = 16.0.31005.135
MinimumVisualStudioVersion = 10.0.40219.1
Project("{9A19103F-16F7-4668-BE54-9A1E7A4F7556}") = "Generics", "Generics\Generics.csproj", "{6DBB0D84-C4B5-49DF-A30F-6F8704307DB3}"
EndProject
Global
	GlobalSection(SolutionConfigurationPlatforms) = preSolution
		Debug|Any CPU = Debug|Any CPU
		Release|Any CPU = Release|Any CPU
	EndGlobalSection
	GlobalSection(ProjectConfigurationPlatforms) = postSolution
		{6DBB0D84-C4B5-49DF-A30F-6F8704307DB3}.Debug|Any CPU.ActiveCfg = Debug|Any CPU
		{6DBB0D84-C4B5-49DF-A30F-6F8704307DB3}.Debug|Any CPU.Build.0 = Debug|Any CPU
		{6DBB0D84-C4B5-49DF-A30F-6F8704307DB3}.Release|Any CPU.ActiveCfg = Release|Any CPU
		{6DBB0D84-C4B5-49DF-A30F-6F8704307DB3}.Release|Any CPU.Build.0 = Release|Any CPU
	EndGlobalSection
	GlobalSection(SolutionProperties) = preSolution
		HideSolutionNode = FALSE
	EndGlobalSection
	GlobalSection(ExtensibilityGlobals) = postSolution
		SolutionGuid = {231E25B0-A57D-478E-A999-C148D9DABAE4}
	EndGlobalSection
EndGlobal
